{
  "name": "clean-development",
  "version": "0.2.1",
  "lockfileVersion": 3,
  "requires": true,
  "packages": {
    "": {
      "name": "clean-development",
      "version": "0.2.1",
      "license": "MIT",
      "bin": {
        "clean-development": "bin/clean-development.js"
      },
      "engines": {
        "node": ">=20.12"
      }
    }
  }
}
